
Microsoft Visual Studio Solution File, Format Version 12.00
# Visual Studio Version 17
VisualStudioVersion = 17.1.32407.343
MinimumVisualStudioVersion = 10.0.40219.1
Project("{9A19103F-16F7-4668-BE54-9A1E7A4F7556}") = "Infrastructure", "Infrastructure\Infrastructure.csproj", "{B6FBAB5A-5F5D-40BE-9D27-EA76DC0F23F0}"
EndProject
Project("{9A19103F-16F7-4668-BE54-9A1E7A4F7556}") = "ApplicationCore", "ApplicationCore\ApplicationCore.csproj", "{B72D23AD-51E4-43FE-ABE0-08AC2638A72C}"
EndProject
Project("{9A19103F-16F7-4668-BE54-9A1E7A4F7556}") = "WebApi", "WebApi\WebApi.csproj", "{060604CF-436D-46DD-B787-098ED49DD7BF}"
EndProject
Project("{2150E333-8FDC-42A3-9474-1A3956D46DE8}") = "Sql Scripts", "Sql Scripts", "{44BCB9B4-D690-45E9-B2A6-88B27C387FB2}"
	ProjectSection(SolutionItems) = preProject
		SqlScripts\Database.sql = SqlScripts\Database.sql
	EndProjectSection
EndProject
Project("{2150E333-8FDC-42A3-9474-1A3956D46DE8}") = "Domain", "Domain", "{9BA06AA9-F2D5-4BFF-977D-071B4F16D691}"
EndProject
Project("{9A19103F-16F7-4668-BE54-9A1E7A4F7556}") = "Entities", "Entities\Entities.csproj", "{A55FFE48-2A1D-478C-B5B7-F7C8219D77A5}"
EndProject
Project("{9A19103F-16F7-4668-BE54-9A1E7A4F7556}") = "WebApp", "WebApp\WebApp.csproj", "{16481696-AEF2-4177-807B-FE29C3DEE39C}"
EndProject
Global
	GlobalSection(SolutionConfigurationPlatforms) = preSolution
		Debug|Any CPU = Debug|Any CPU
		Release|Any CPU = Release|Any CPU
	EndGlobalSection
	GlobalSection(ProjectConfigurationPlatforms) = postSolution
		{B6FBAB5A-5F5D-40BE-9D27-EA76DC0F23F0}.Debug|Any CPU.ActiveCfg = Debug|Any CPU
		{B6FBAB5A-5F5D-40BE-9D27-EA76DC0F23F0}.Debug|Any CPU.Build.0 = Debug|Any CPU
		{B6FBAB5A-5F5D-40BE-9D27-EA76DC0F23F0}.Release|Any CPU.ActiveCfg = Release|Any CPU
		{B6FBAB5A-5F5D-40BE-9D27-EA76DC0F23F0}.Release|Any CPU.Build.0 = Release|Any CPU
		{B72D23AD-51E4-43FE-ABE0-08AC2638A72C}.Debug|Any CPU.ActiveCfg = Debug|Any CPU
		{B72D23AD-51E4-43FE-ABE0-08AC2638A72C}.Debug|Any CPU.Build.0 = Debug|Any CPU
		{B72D23AD-51E4-43FE-ABE0-08AC2638A72C}.Release|Any CPU.ActiveCfg = Release|Any CPU
		{B72D23AD-51E4-43FE-ABE0-08AC2638A72C}.Release|Any CPU.Build.0 = Release|Any CPU
		{060604CF-436D-46DD-B787-098ED49DD7BF}.Debug|Any CPU.ActiveCfg = Debug|Any CPU
		{060604CF-436D-46DD-B787-098ED49DD7BF}.Debug|Any CPU.Build.0 = Debug|Any CPU
		{060604CF-436D-46DD-B787-098ED49DD7BF}.Release|Any CPU.ActiveCfg = Release|Any CPU
		{060604CF-436D-46DD-B787-098ED49DD7BF}.Release|Any CPU.Build.0 = Release|Any CPU
		{A55FFE48-2A1D-478C-B5B7-F7C8219D77A5}.Debug|Any CPU.ActiveCfg = Debug|Any CPU
		{A55FFE48-2A1D-478C-B5B7-F7C8219D77A5}.Debug|Any CPU.Build.0 = Debug|Any CPU
		{A55FFE48-2A1D-478C-B5B7-F7C8219D77A5}.Release|Any CPU.ActiveCfg = Release|Any CPU
		{A55FFE48-2A1D-478C-B5B7-F7C8219D77A5}.Release|Any CPU.Build.0 = Release|Any CPU
		{16481696-AEF2-4177-807B-FE29C3DEE39C}.Debug|Any CPU.ActiveCfg = Debug|Any CPU
		{16481696-AEF2-4177-807B-FE29C3DEE39C}.Debug|Any CPU.Build.0 = Debug|Any CPU
		{16481696-AEF2-4177-807B-FE29C3DEE39C}.Release|Any CPU.ActiveCfg = Release|Any CPU
		{16481696-AEF2-4177-807B-FE29C3DEE39C}.Release|Any CPU.Build.0 = Release|Any CPU
	EndGlobalSection
	GlobalSection(SolutionProperties) = preSolution
		HideSolutionNode = FALSE
	EndGlobalSection
	GlobalSection(NestedProjects) = preSolution
		{B72D23AD-51E4-43FE-ABE0-08AC2638A72C} = {9BA06AA9-F2D5-4BFF-977D-071B4F16D691}
		{A55FFE48-2A1D-478C-B5B7-F7C8219D77A5} = {9BA06AA9-F2D5-4BFF-977D-071B4F16D691}
	EndGlobalSection
	GlobalSection(ExtensibilityGlobals) = postSolution
		SolutionGuid = {E7503176-12DB-4549-A169-6F99613BAE31}
	EndGlobalSection
EndGlobal
